<?xml version="1.0" encoding="utf-8"?>
<Project ToolsVersion="4.0" xmlns="http://schemas.microsoft.com/developer/msbuild/2003">
  <ItemGroup>
    <Filter Include="ソース ファイル">
      <UniqueIdentifier>{4FC737F1-C7A5-4376-A066-2A32D752A2FF}</UniqueIdentifier>
      <Extensions>cpp;c;cc;cxx;c++;cppm;ixx;def;odl;idl;hpj;bat;asm;asmx</Extensions>
    </Filter>
    <Filter Include="ヘッダー ファイル">
      <UniqueIdentifier>{93995380-89BD-4b04-88EB-625FBE52EBFB}</UniqueIdentifier>
      <Extensions>h;hh;hpp;hxx;h++;hm;inl;inc;ipp;xsd</Extensions>
    </Filter>
    <Filter Include="リソース ファイル">
      <UniqueIdentifier>{67DA6AB6-F800-4c08-8B7A-83BB121AAD01}</UniqueIdentifier>
      <Extensions>rc;ico;cur;bmp;dlg;rc2;rct;bin;rgs;gif;jpg;jpeg;jpe;resx;tiff;tif;png;wav;mfcribbon-ms</Extensions>
    </Filter>
    <Filter Include="Imgui">
      <UniqueIdentifier>{4ef4a0e0-9a9b-4375-ad36-39eeb0c1a315}</UniqueIdentifier>
    </Filter>
    <Filter Include="MagicEnum">
      <UniqueIdentifier>{065bc649-8485-49bd-8a3f-cf97354a3688}</UniqueIdentifier>
    </Filter>
    <Filter Include="DirectXTK">
      <UniqueIdentifier>{1e3e6121-7783-4741-aaed-37c7b16ab8d9}</UniqueIdentifier>
    </Filter>
    <Filter Include="DirectXTK\Inc">
      <UniqueIdentifier>{0de24265-3869-4d32-9b44-d8b708203514}</UniqueIdentifier>
    </Filter>
    <Filter Include="DirectXTK\Src">
      <UniqueIdentifier>{52069c5e-1ab4-4b99-93b8-85de0f49f69a}</UniqueIdentifier>
    </Filter>
  </ItemGroup>
  <ItemGroup>
    <ClCompile Include="renderer.cpp">
      <Filter>ソース ファイル</Filter>
    </ClCompile>
    <ClCompile Include="main.cpp">
      <Filter>ソース ファイル</Filter>
    </ClCompile>
    <ClCompile Include="manager.cpp">
      <Filter>ソース ファイル</Filter>
    </ClCompile>
    <ClCompile Include="camera.cpp">
      <Filter>ソース ファイル</Filter>
    </ClCompile>
    <ClCompile Include="field.cpp">
      <Filter>ソース ファイル</Filter>
    </ClCompile>
    <ClCompile Include="gameobject.cpp">
      <Filter>ソース ファイル</Filter>
    </ClCompile>
    <ClCompile Include="sprite.cpp">
      <Filter>ソース ファイル</Filter>
    </ClCompile>
    <ClCompile Include="modelRenderer.cpp">
      <Filter>ソース ファイル</Filter>
    </ClCompile>
    <ClCompile Include="player.cpp">
      <Filter>ソース ファイル</Filter>
    </ClCompile>
    <ClCompile Include="input.cpp">
      <Filter>ソース ファイル</Filter>
    </ClCompile>
    <ClCompile Include="jump.cpp">
      <Filter>ソース ファイル</Filter>
    </ClCompile>
    <ClCompile Include="camera_fps.cpp">
      <Filter>ソース ファイル</Filter>
    </ClCompile>
    <ClCompile Include="Imgui\imgui_impl_win32.cpp">
      <Filter>Imgui</Filter>
    </ClCompile>
    <ClCompile Include="Imgui\imgui_tables.cpp">
      <Filter>Imgui</Filter>
    </ClCompile>
    <ClCompile Include="Imgui\imgui_widgets.cpp">
      <Filter>Imgui</Filter>
    </ClCompile>
    <ClCompile Include="Imgui\imgui.cpp">
      <Filter>Imgui</Filter>
    </ClCompile>
    <ClCompile Include="Imgui\imgui_draw.cpp">
      <Filter>Imgui</Filter>
    </ClCompile>
    <ClCompile Include="Imgui\imgui_impl_dx11.cpp">
      <Filter>Imgui</Filter>
    </ClCompile>
    <ClCompile Include="Imgui\imgui_stdlib.cpp">
      <Filter>Imgui</Filter>
    </ClCompile>
    <ClCompile Include="Src\PrimitiveBatch.cpp">
      <Filter>DirectXTK\Src</Filter>
    </ClCompile>
    <ClCompile Include="Src\ScreenGrab.cpp">
      <Filter>DirectXTK\Src</Filter>
    </ClCompile>
    <ClCompile Include="Src\SimpleMath.cpp">
      <Filter>DirectXTK\Src</Filter>
    </ClCompile>
    <ClCompile Include="Src\SkinnedEffect.cpp">
      <Filter>DirectXTK\Src</Filter>
    </ClCompile>
    <ClCompile Include="Src\SpriteBatch.cpp">
      <Filter>DirectXTK\Src</Filter>
    </ClCompile>
    <ClCompile Include="Src\SpriteFont.cpp">
      <Filter>DirectXTK\Src</Filter>
    </ClCompile>
    <ClCompile Include="Src\ToneMapPostProcess.cpp">
      <Filter>DirectXTK\Src</Filter>
    </ClCompile>
    <ClCompile Include="Src\VertexTypes.cpp">
      <Filter>DirectXTK\Src</Filter>
    </ClCompile>
    <ClCompile Include="Src\WICTextureLoader.cpp">
      <Filter>DirectXTK\Src</Filter>
    </ClCompile>
    <ClCompile Include="Src\AlphaTestEffect.cpp">
      <Filter>DirectXTK\Src</Filter>
    </ClCompile>
    <ClCompile Include="Src\BasicEffect.cpp">
      <Filter>DirectXTK\Src</Filter>
    </ClCompile>
    <ClCompile Include="Src\BasicPostProcess.cpp">
      <Filter>DirectXTK\Src</Filter>
    </ClCompile>
    <ClCompile Include="Src\BinaryReader.cpp">
      <Filter>DirectXTK\Src</Filter>
    </ClCompile>
    <ClCompile Include="Src\BufferHelpers.cpp">
      <Filter>DirectXTK\Src</Filter>
    </ClCompile>
    <ClCompile Include="Src\CommonStates.cpp">
      <Filter>DirectXTK\Src</Filter>
    </ClCompile>
    <ClCompile Include="Src\DDSTextureLoader.cpp">
      <Filter>DirectXTK\Src</Filter>
    </ClCompile>
    <ClCompile Include="Src\DebugEffect.cpp">
      <Filter>DirectXTK\Src</Filter>
    </ClCompile>
    <ClCompile Include="Src\DGSLEffect.cpp">
      <Filter>DirectXTK\Src</Filter>
    </ClCompile>
    <ClCompile Include="Src\DGSLEffectFactory.cpp">
      <Filter>DirectXTK\Src</Filter>
    </ClCompile>
    <ClCompile Include="Src\DirectXHelpers.cpp">
      <Filter>DirectXTK\Src</Filter>
    </ClCompile>
    <ClCompile Include="Src\DualPostProcess.cpp">
      <Filter>DirectXTK\Src</Filter>
    </ClCompile>
    <ClCompile Include="Src\DualTextureEffect.cpp">
      <Filter>DirectXTK\Src</Filter>
    </ClCompile>
    <ClCompile Include="Src\EffectCommon.cpp">
      <Filter>DirectXTK\Src</Filter>
    </ClCompile>
    <ClCompile Include="Src\EffectFactory.cpp">
      <Filter>DirectXTK\Src</Filter>
    </ClCompile>
    <ClCompile Include="Src\EnvironmentMapEffect.cpp">
      <Filter>DirectXTK\Src</Filter>
    </ClCompile>
    <ClCompile Include="Src\GamePad.cpp">
      <Filter>DirectXTK\Src</Filter>
    </ClCompile>
    <ClCompile Include="Src\GeometricPrimitive.cpp">
      <Filter>DirectXTK\Src</Filter>
    </ClCompile>
    <ClCompile Include="Src\Geometry.cpp">
      <Filter>DirectXTK\Src</Filter>
    </ClCompile>
    <ClCompile Include="Src\GraphicsMemory.cpp">
      <Filter>DirectXTK\Src</Filter>
    </ClCompile>
    <ClCompile Include="Src\Keyboard.cpp">
      <Filter>DirectXTK\Src</Filter>
    </ClCompile>
    <ClCompile Include="Src\Model.cpp">
      <Filter>DirectXTK\Src</Filter>
    </ClCompile>
    <ClCompile Include="Src\ModelLoadCMO.cpp">
      <Filter>DirectXTK\Src</Filter>
    </ClCompile>
    <ClCompile Include="Src\ModelLoadSDKMESH.cpp">
      <Filter>DirectXTK\Src</Filter>
    </ClCompile>
    <ClCompile Include="Src\ModelLoadVBO.cpp">
      <Filter>DirectXTK\Src</Filter>
    </ClCompile>
    <ClCompile Include="Src\Mouse.cpp">
      <Filter>DirectXTK\Src</Filter>
    </ClCompile>
    <ClCompile Include="Src\NormalMapEffect.cpp">
      <Filter>DirectXTK\Src</Filter>
    </ClCompile>
    <ClCompile Include="Src\PBREffect.cpp">
      <Filter>DirectXTK\Src</Filter>
    </ClCompile>
    <ClCompile Include="Src\PBREffectFactory.cpp">
      <Filter>DirectXTK\Src</Filter>
    </ClCompile>
    <ClCompile Include="Src\pch.cpp">
      <Filter>DirectXTK\Src</Filter>
    </ClCompile>
    <ClCompile Include="scene.cpp">
      <Filter>ソース ファイル</Filter>
    </ClCompile>
    <ClCompile Include="DebugDraw.cpp">
      <Filter>DirectXTK</Filter>
    </ClCompile>
    <ClCompile Include="mydebugdraw.cpp">
      <Filter>ソース ファイル</Filter>
    </ClCompile>
  </ItemGroup>
  <ItemGroup>
    <ClInclude Include="renderer.h">
      <Filter>ヘッダー ファイル</Filter>
    </ClInclude>
    <ClInclude Include="main.h">
      <Filter>ヘッダー ファイル</Filter>
    </ClInclude>
    <ClInclude Include="manager.h">
      <Filter>ヘッダー ファイル</Filter>
    </ClInclude>
    <ClInclude Include="XMFLOAT_Helper.h">
      <Filter>ヘッダー ファイル</Filter>
    </ClInclude>
    <ClInclude Include="camera.h">
      <Filter>ヘッダー ファイル</Filter>
    </ClInclude>
    <ClInclude Include="field.h">
      <Filter>ヘッダー ファイル</Filter>
    </ClInclude>
    <ClInclude Include="gameobject.h">
      <Filter>ヘッダー ファイル</Filter>
    </ClInclude>
    <ClInclude Include="math_helper.h">
      <Filter>ヘッダー ファイル</Filter>
    </ClInclude>
    <ClInclude Include="component.h">
      <Filter>ヘッダー ファイル</Filter>
    </ClInclude>
    <ClInclude Include="transform.h">
      <Filter>ヘッダー ファイル</Filter>
    </ClInclude>
    <ClInclude Include="sprite.h">
      <Filter>ヘッダー ファイル</Filter>
    </ClInclude>
    <ClInclude Include="modelRenderer.h">
      <Filter>ヘッダー ファイル</Filter>
    </ClInclude>
    <ClInclude Include="player.h">
      <Filter>ヘッダー ファイル</Filter>
    </ClInclude>
    <ClInclude Include="input.h">
      <Filter>ヘッダー ファイル</Filter>
    </ClInclude>
    <ClInclude Include="jump.h">
      <Filter>ヘッダー ファイル</Filter>
    </ClInclude>
    <ClInclude Include="camera_fps.h">
      <Filter>ヘッダー ファイル</Filter>
    </ClInclude>
    <ClInclude Include="Imgui\imgui_impl_win32.h">
      <Filter>Imgui</Filter>
    </ClInclude>
    <ClInclude Include="Imgui\imgui_internal.h">
      <Filter>Imgui</Filter>
    </ClInclude>
    <ClInclude Include="Imgui\imstb_rectpack.h">
      <Filter>Imgui</Filter>
    </ClInclude>
    <ClInclude Include="Imgui\imstb_textedit.h">
      <Filter>Imgui</Filter>
    </ClInclude>
    <ClInclude Include="Imgui\imstb_truetype.h">
      <Filter>Imgui</Filter>
    </ClInclude>
    <ClInclude Include="Imgui\imconfig.h">
      <Filter>Imgui</Filter>
    </ClInclude>
    <ClInclude Include="Imgui\imgui.h">
      <Filter>Imgui</Filter>
    </ClInclude>
    <ClInclude Include="Imgui\imgui_impl_dx11.h">
      <Filter>Imgui</Filter>
    </ClInclude>
    <ClInclude Include="scene.h">
      <Filter>ヘッダー ファイル</Filter>
    </ClInclude>
    <ClInclude Include="collision.h">
      <Filter>ヘッダー ファイル</Filter>
    </ClInclude>
    <ClInclude Include="magic_enum\magic_enum.hpp">
      <Filter>MagicEnum</Filter>
    </ClInclude>
    <ClInclude Include="magic_enum\magic_enum_all.hpp">
      <Filter>MagicEnum</Filter>
    </ClInclude>
    <ClInclude Include="magic_enum\magic_enum_containers.hpp">
      <Filter>MagicEnum</Filter>
    </ClInclude>
    <ClInclude Include="magic_enum\magic_enum_flags.hpp">
      <Filter>MagicEnum</Filter>
    </ClInclude>
    <ClInclude Include="magic_enum\magic_enum_format.hpp">
      <Filter>MagicEnum</Filter>
    </ClInclude>
    <ClInclude Include="magic_enum\magic_enum_fuse.hpp">
      <Filter>MagicEnum</Filter>
    </ClInclude>
    <ClInclude Include="magic_enum\magic_enum_iostream.hpp">
      <Filter>MagicEnum</Filter>
    </ClInclude>
    <ClInclude Include="magic_enum\magic_enum_switch.hpp">
      <Filter>MagicEnum</Filter>
    </ClInclude>
    <ClInclude Include="magic_enum\magic_enum_utility.hpp">
      <Filter>MagicEnum</Filter>
    </ClInclude>
    <ClInclude Include="quaternion.h">
      <Filter>ヘッダー ファイル</Filter>
    </ClInclude>
    <ClInclude Include="Imgui\imgui_stdlib.h">
      <Filter>Imgui</Filter>
    </ClInclude>
    <ClInclude Include="Src\PlatformHelpers.h">
      <Filter>DirectXTK\Src</Filter>
    </ClInclude>
    <ClInclude Include="Src\SDKMesh.h">
      <Filter>DirectXTK\Src</Filter>
    </ClInclude>
    <ClInclude Include="Src\SharedResourcePool.h">
      <Filter>DirectXTK\Src</Filter>
    </ClInclude>
    <ClInclude Include="Src\vbo.h">
      <Filter>DirectXTK\Src</Filter>
    </ClInclude>
    <ClInclude Include="Src\AlignedNew.h">
      <Filter>DirectXTK\Src</Filter>
    </ClInclude>
    <ClInclude Include="Src\Bezier.h">
      <Filter>DirectXTK\Src</Filter>
    </ClInclude>
    <ClInclude Include="Src\BinaryReader.h">
      <Filter>DirectXTK\Src</Filter>
    </ClInclude>
    <ClInclude Include="Src\DDS.h">
      <Filter>DirectXTK\Src</Filter>
    </ClInclude>
    <ClInclude Include="Src\DemandCreate.h">
      <Filter>DirectXTK\Src</Filter>
    </ClInclude>
    <ClInclude Include="Src\EffectCommon.h">
      <Filter>DirectXTK\Src</Filter>
    </ClInclude>
    <ClInclude Include="Src\Geometry.h">
      <Filter>DirectXTK\Src</Filter>
    </ClInclude>
    <ClInclude Include="Src\LoaderHelpers.h">
      <Filter>DirectXTK\Src</Filter>
    </ClInclude>
    <ClInclude Include="Src\pch.h">
      <Filter>DirectXTK\Src</Filter>
    </ClInclude>
    <ClInclude Include="Inc\GraphicsMemory.h">
      <Filter>DirectXTK\Inc</Filter>
    </ClInclude>
    <ClInclude Include="Inc\Keyboard.h">
      <Filter>DirectXTK\Inc</Filter>
    </ClInclude>
    <ClInclude Include="Inc\Model.h">
      <Filter>DirectXTK\Inc</Filter>
    </ClInclude>
    <ClInclude Include="Inc\Mouse.h">
      <Filter>DirectXTK\Inc</Filter>
    </ClInclude>
    <ClInclude Include="Inc\PostProcess.h">
      <Filter>DirectXTK\Inc</Filter>
    </ClInclude>
    <ClInclude Include="Inc\PrimitiveBatch.h">
      <Filter>DirectXTK\Inc</Filter>
    </ClInclude>
    <ClInclude Include="Inc\ScreenGrab.h">
      <Filter>DirectXTK\Inc</Filter>
    </ClInclude>
    <ClInclude Include="Inc\SimpleMath.h">
      <Filter>DirectXTK\Inc</Filter>
    </ClInclude>
    <ClInclude Include="Inc\SpriteBatch.h">
      <Filter>DirectXTK\Inc</Filter>
    </ClInclude>
    <ClInclude Include="Inc\SpriteFont.h">
      <Filter>DirectXTK\Inc</Filter>
    </ClInclude>
    <ClInclude Include="Inc\VertexTypes.h">
      <Filter>DirectXTK\Inc</Filter>
    </ClInclude>
    <ClInclude Include="Inc\WICTextureLoader.h">
      <Filter>DirectXTK\Inc</Filter>
    </ClInclude>
    <ClInclude Include="Inc\Audio.h">
      <Filter>DirectXTK\Inc</Filter>
    </ClInclude>
    <ClInclude Include="Inc\BufferHelpers.h">
      <Filter>DirectXTK\Inc</Filter>
    </ClInclude>
    <ClInclude Include="Inc\CommonStates.h">
      <Filter>DirectXTK\Inc</Filter>
    </ClInclude>
    <ClInclude Include="Inc\DDSTextureLoader.h">
      <Filter>DirectXTK\Inc</Filter>
    </ClInclude>
    <ClInclude Include="Inc\DirectXHelpers.h">
      <Filter>DirectXTK\Inc</Filter>
    </ClInclude>
    <ClInclude Include="Inc\Effects.h">
      <Filter>DirectXTK\Inc</Filter>
    </ClInclude>
    <ClInclude Include="Inc\GamePad.h">
      <Filter>DirectXTK\Inc</Filter>
    </ClInclude>
    <ClInclude Include="Inc\GeometricPrimitive.h">
      <Filter>DirectXTK\Inc</Filter>
    </ClInclude>
    <ClInclude Include="directxTK_all.h">
      <Filter>DirectXTK</Filter>
    </ClInclude>
    <ClInclude Include="DebugDraw.h">
      <Filter>DirectXTK</Filter>
    </ClInclude>
    <ClInclude Include="mydebugdraw.h">
      <Filter>ヘッダー ファイル</Filter>
    </ClInclude>
  </ItemGroup>
  <ItemGroup>
    <FxCompile Include="shader\common.hlsl" />
    <FxCompile Include="shader\unlitTexturePS.hlsl" />
    <FxCompile Include="shader\unlitTextureVS.hlsl" />
  </ItemGroup>
  <ItemGroup>
    <None Include="Src\TeapotData.inc">
      <Filter>DirectXTK\Src</Filter>
    </None>
    <None Include="Inc\SimpleMath.inl">
      <Filter>DirectXTK\Inc</Filter>
    </None>
  </ItemGroup>
</Project>